
Microsoft Visual Studio Solution File, Format Version 12.00
# Visual Studio Version 17
VisualStudioVersion = 17.6.33407.150
MinimumVisualStudioVersion = 10.0.40219.1
Project("{9A19103F-16F7-4668-BE54-9A1E7A4F7556}") = "Admin", "src\Admin\Admin.csproj", "{2DA1F470-4796-4F6D-9541-7C1EF0B16E30}"
EndProject
Project("{9A19103F-16F7-4668-BE54-9A1E7A4F7556}") = "LoadBalanced", "src\LoadBalanced\LoadBalanced.csproj", "{A5814BA0-BCA5-4FBA-BB09-0FB9954123FB}"
EndProject
Project("{9A19103F-16F7-4668-BE54-9A1E7A4F7556}") = "LoadBalancer", "src\LoadBalancer\LoadBalancer.csproj", "{3F284CC1-5029-49EA-8F00-C58C65B6D88E}"
EndProject
Project("{9A19103F-16F7-4668-BE54-9A1E7A4F7556}") = "Yarp.Orleans.ConfigProvider", "src\Yarp.Orleans.ConfigProvider\Yarp.Orleans.ConfigProvider.csproj", "{517DFB7D-515A-4031-97EB-9BDD7735AE8F}"
EndProject
Global
	GlobalSection(SolutionConfigurationPlatforms) = preSolution
		Debug|Any CPU = Debug|Any CPU
		Release|Any CPU = Release|Any CPU
	EndGlobalSection
	GlobalSection(ProjectConfigurationPlatforms) = postSolution
		{2DA1F470-4796-4F6D-9541-7C1EF0B16E30}.Debug|Any CPU.ActiveCfg = Debug|Any CPU
		{2DA1F470-4796-4F6D-9541-7C1EF0B16E30}.Debug|Any CPU.Build.0 = Debug|Any CPU
		{2DA1F470-4796-4F6D-9541-7C1EF0B16E30}.Release|Any CPU.ActiveCfg = Release|Any CPU
		{2DA1F470-4796-4F6D-9541-7C1EF0B16E30}.Release|Any CPU.Build.0 = Release|Any CPU
		{A5814BA0-BCA5-4FBA-BB09-0FB9954123FB}.Debug|Any CPU.ActiveCfg = Debug|Any CPU
		{A5814BA0-BCA5-4FBA-BB09-0FB9954123FB}.Debug|Any CPU.Build.0 = Debug|Any CPU
		{A5814BA0-BCA5-4FBA-BB09-0FB9954123FB}.Release|Any CPU.ActiveCfg = Release|Any CPU
		{A5814BA0-BCA5-4FBA-BB09-0FB9954123FB}.Release|Any CPU.Build.0 = Release|Any CPU
		{3F284CC1-5029-49EA-8F00-C58C65B6D88E}.Debug|Any CPU.ActiveCfg = Debug|Any CPU
		{3F284CC1-5029-49EA-8F00-C58C65B6D88E}.Debug|Any CPU.Build.0 = Debug|Any CPU
		{3F284CC1-5029-49EA-8F00-C58C65B6D88E}.Release|Any CPU.ActiveCfg = Release|Any CPU
		{3F284CC1-5029-49EA-8F00-C58C65B6D88E}.Release|Any CPU.Build.0 = Release|Any CPU
		{517DFB7D-515A-4031-97EB-9BDD7735AE8F}.Debug|Any CPU.ActiveCfg = Debug|Any CPU
		{517DFB7D-515A-4031-97EB-9BDD7735AE8F}.Debug|Any CPU.Build.0 = Debug|Any CPU
		{517DFB7D-515A-4031-97EB-9BDD7735AE8F}.Release|Any CPU.ActiveCfg = Release|Any CPU
		{517DFB7D-515A-4031-97EB-9BDD7735AE8F}.Release|Any CPU.Build.0 = Release|Any CPU
	EndGlobalSection
	GlobalSection(SolutionProperties) = preSolution
		HideSolutionNode = FALSE
	EndGlobalSection
	GlobalSection(ExtensibilityGlobals) = postSolution
		SolutionGuid = {712761D0-88CB-461C-B6F6-BEF1095A1C14}
	EndGlobalSection
EndGlobal
